// !$*UTF8*$!
{
	archiveVersion = 1;
	classes = {
	};
	objectVersion = 46;
	objects = {

/* Begin PBXFileReference section */
		381CE8ED1454624100B467D8 /* 404.html */ = {isa = PBXFileReference; lastKnownFileType = text.html; path = 404.html; sourceTree = "<group>"; };
		381CE8EE1454624100B467D8 /* apple-touch-icon-57x57-precomposed.png */ = {isa = PBXFileReference; lastKnownFileType = image.png; path = "apple-touch-icon-57x57-precomposed.png"; sourceTree = "<group>"; };
		381CE8EF1454624100B467D8 /* apple-touch-icon-72x72-precomposed.png */ = {isa = PBXFileReference; lastKnownFileType = image.png; path = "apple-touch-icon-72x72-precomposed.png"; sourceTree = "<group>"; };
		381CE8F01454624100B467D8 /* apple-touch-icon-114x114-precomposed.png */ = {isa = PBXFileReference; lastKnownFileType = image.png; path = "apple-touch-icon-114x114-precomposed.png"; sourceTree = "<group>"; };
		381CE8F11454624100B467D8 /* apple-touch-icon-precomposed.png */ = {isa = PBXFileReference; lastKnownFileType = image.png; path = "apple-touch-icon-precomposed.png"; sourceTree = "<group>"; };
		381CE8F21454624100B467D8 /* apple-touch-icon.png */ = {isa = PBXFileReference; lastKnownFileType = image.png; path = "apple-touch-icon.png"; sourceTree = "<group>"; };
		381CE8F41454624100B467D8 /* build.xml */ = {isa = PBXFileReference; lastKnownFileType = text.xml; path = build.xml; sourceTree = "<group>"; };
		381CE8F61454624100B467D8 /* default.properties */ = {isa = PBXFileReference; lastKnownFileType = text; path = default.properties; sourceTree = "<group>"; };
		381CE8F71454624100B467D8 /* manifest.appcache */ = {isa = PBXFileReference; lastKnownFileType = text; path = manifest.appcache; sourceTree = "<group>"; };
		381CE8F81454624100B467D8 /* project.properties */ = {isa = PBXFileReference; lastKnownFileType = text; path = project.properties; sourceTree = "<group>"; };
		381CE8F91454624100B467D8 /* createproject.sh */ = {isa = PBXFileReference; lastKnownFileType = text.script.sh; path = createproject.sh; sourceTree = "<group>"; };
		381CE8FA1454624100B467D8 /* project.xml */ = {isa = PBXFileReference; lastKnownFileType = text.xml; path = project.xml; sourceTree = "<group>"; };
		381CE8FB1454624100B467D8 /* runbuildscript.bat */ = {isa = PBXFileReference; lastKnownFileType = text; path = runbuildscript.bat; sourceTree = "<group>"; };
		381CE8FD1454624100B467D8 /* ant-contrib-1.0b3.jar */ = {isa = PBXFileReference; lastKnownFileType = archive.jar; path = "ant-contrib-1.0b3.jar"; sourceTree = "<group>"; };
		381CE8FE1454624100B467D8 /* closure-compiler-v1346.jar */ = {isa = PBXFileReference; lastKnownFileType = archive.jar; path = "closure-compiler-v1346.jar"; sourceTree = "<group>"; };
		381CE8FF1454624100B467D8 /* csslint-rhino.js */ = {isa = PBXFileReference; lastKnownFileType = sourcecode.javascript; path = "csslint-rhino.js"; sourceTree = "<group>"; };
		381CE9001454624100B467D8 /* fulljshint.js */ = {isa = PBXFileReference; lastKnownFileType = sourcecode.javascript; path = fulljshint.js; sourceTree = "<group>"; };
		381CE9011454624100B467D8 /* fulljslint.js */ = {isa = PBXFileReference; lastKnownFileType = sourcecode.javascript; path = fulljslint.js; sourceTree = "<group>"; };
		381CE9021454624100B467D8 /* htmlcompressor-1.4.3.jar */ = {isa = PBXFileReference; lastKnownFileType = archive.jar; path = "htmlcompressor-1.4.3.jar"; sourceTree = "<group>"; };
		381CE9031454624100B467D8 /* jpegtran.exe */ = {isa = PBXFileReference; lastKnownFileType = file; path = jpegtran.exe; sourceTree = "<group>"; };
		381CE9051454624100B467D8 /* LICENSE.txt */ = {isa = PBXFileReference; lastKnownFileType = text; path = LICENSE.txt; sourceTree = "<group>"; };
		381CE9061454624100B467D8 /* optipng.exe */ = {isa = PBXFileReference; lastKnownFileType = file; path = optipng.exe; sourceTree = "<group>"; };
		381CE9071454624100B467D8 /* rhino.jar */ = {isa = PBXFileReference; lastKnownFileType = archive.jar; path = rhino.jar; sourceTree = "<group>"; };
		381CE9081454624100B467D8 /* yuicompressor-2.4.5.jar */ = {isa = PBXFileReference; lastKnownFileType = archive.jar; path = "yuicompressor-2.4.5.jar"; sourceTree = "<group>"; };
		381CE9091454624100B467D8 /* crossdomain.xml */ = {isa = PBXFileReference; lastKnownFileType = text.xml; path = crossdomain.xml; sourceTree = "<group>"; };
		381CE90B1454624100B467D8 /* style.css */ = {isa = PBXFileReference; lastKnownFileType = text.css; path = style.css; sourceTree = "<group>"; };
		381CE90C1454624100B467D8 /* ttssequencer.css */ = {isa = PBXFileReference; lastKnownFileType = text.css; path = ttssequencer.css; sourceTree = "<group>"; };
		381CE90D1454624100B467D8 /* favicon.ico */ = {isa = PBXFileReference; lastKnownFileType = image.ico; path = favicon.ico; sourceTree = "<group>"; };
		381CE90E1454624100B467D8 /* humans.txt */ = {isa = PBXFileReference; lastKnownFileType = text; path = humans.txt; sourceTree = "<group>"; };
		381CE9101454624100B467D8 /* .gitignore */ = {isa = PBXFileReference; lastKnownFileType = text; path = .gitignore; sourceTree = "<group>"; };
		381CE9111454624100B467D8 /* index.html */ = {isa = PBXFileReference; lastKnownFileType = text.html; path = index.html; sourceTree = "<group>"; };
		381CE9141454624100B467D8 /* jquery-1.6.4.js */ = {isa = PBXFileReference; lastKnownFileType = sourcecode.javascript; path = "jquery-1.6.4.js"; sourceTree = "<group>"; };
		381CE9151454624100B467D8 /* jquery-1.6.4.min.js */ = {isa = PBXFileReference; lastKnownFileType = sourcecode.javascript; path = "jquery-1.6.4.min.js"; sourceTree = "<group>"; };
		381CE9161454624100B467D8 /* modernizr-2.0.6.min.js */ = {isa = PBXFileReference; lastKnownFileType = sourcecode.javascript; path = "modernizr-2.0.6.min.js"; sourceTree = "<group>"; };
		381CE9181454624100B467D8 /* plugins.js */ = {isa = PBXFileReference; lastKnownFileType = sourcecode.javascript; path = plugins.js; sourceTree = "<group>"; };
		381CE9191454624100B467D8 /* script.js */ = {isa = PBXFileReference; lastKnownFileType = sourcecode.javascript; path = script.js; sourceTree = "<group>"; };
		381CE91A1454624100B467D8 /* robots.txt */ = {isa = PBXFileReference; lastKnownFileType = text; path = robots.txt; sourceTree = "<group>"; };
		381CE91C1454639500B467D8 /* TTSSequencer.js */ = {isa = PBXFileReference; lastKnownFileType = sourcecode.javascript; path = TTSSequencer.js; sourceTree = "<group>"; };
		381CE91E14549BDC00B467D8 /* TTSMain.js */ = {isa = PBXFileReference; lastKnownFileType = sourcecode.javascript; path = TTSMain.js; sourceTree = "<group>"; };
		381CE91F1454CC7300B467D8 /* TTSBeat.js */ = {isa = PBXFileReference; lastKnownFileType = sourcecode.javascript; path = TTSBeat.js; sourceTree = "<group>"; };
		381CE9201454CD8100B467D8 /* TTSAudioUnit.js */ = {isa = PBXFileReference; lastKnownFileType = sourcecode.javascript; path = TTSAudioUnit.js; sourceTree = "<group>"; };
/* End PBXFileReference section */

/* Begin PBXGroup section */
		381CE8F31454624100B467D8 /* build */ = {
			isa = PBXGroup;
			children = (
				381CE8F41454624100B467D8 /* build.xml */,
				381CE8F51454624100B467D8 /* config */,
				381CE8F91454624100B467D8 /* createproject.sh */,
				381CE8FA1454624100B467D8 /* project.xml */,
				381CE8FB1454624100B467D8 /* runbuildscript.bat */,
				381CE8FC1454624100B467D8 /* tools */,
			);
			path = build;
			sourceTree = "<group>";
		};
		381CE8F51454624100B467D8 /* config */ = {
			isa = PBXGroup;
			children = (
				381CE8F61454624100B467D8 /* default.properties */,
				381CE8F71454624100B467D8 /* manifest.appcache */,
				381CE8F81454624100B467D8 /* project.properties */,
			);
			path = config;
			sourceTree = "<group>";
		};
		381CE8FC1454624100B467D8 /* tools */ = {
			isa = PBXGroup;
			children = (
				381CE8FD1454624100B467D8 /* ant-contrib-1.0b3.jar */,
				381CE8FE1454624100B467D8 /* closure-compiler-v1346.jar */,
				381CE8FF1454624100B467D8 /* csslint-rhino.js */,
				381CE9001454624100B467D8 /* fulljshint.js */,
				381CE9011454624100B467D8 /* fulljslint.js */,
				381CE9021454624100B467D8 /* htmlcompressor-1.4.3.jar */,
				381CE9031454624100B467D8 /* jpegtran.exe */,
				381CE9041454624100B467D8 /* optipng-0.6.4-exe */,
				381CE9071454624100B467D8 /* rhino.jar */,
				381CE9081454624100B467D8 /* yuicompressor-2.4.5.jar */,
			);
			path = tools;
			sourceTree = "<group>";
		};
		381CE9041454624100B467D8 /* optipng-0.6.4-exe */ = {
			isa = PBXGroup;
			children = (
				381CE9051454624100B467D8 /* LICENSE.txt */,
				381CE9061454624100B467D8 /* optipng.exe */,
			);
			path = "optipng-0.6.4-exe";
			sourceTree = "<group>";
		};
		381CE90A1454624100B467D8 /* css */ = {
			isa = PBXGroup;
			children = (
				381CE90B1454624100B467D8 /* style.css */,
				381CE90C1454624100B467D8 /* ttssequencer.css */,
			);
			path = css;
			sourceTree = "<group>";
		};
		381CE90F1454624100B467D8 /* img */ = {
			isa = PBXGroup;
			children = (
				381CE9101454624100B467D8 /* .gitignore */,
			);
			path = img;
			sourceTree = "<group>";
		};
		381CE9121454624100B467D8 /* js */ = {
			isa = PBXGroup;
			children = (
				381CE9131454624100B467D8 /* libs */,
				381CE9171454624100B467D8 /* mylibs */,
				381CE9181454624100B467D8 /* plugins.js */,
				381CE9191454624100B467D8 /* script.js */,
			);
			path = js;
			sourceTree = "<group>";
		};
		381CE9131454624100B467D8 /* libs */ = {
			isa = PBXGroup;
			children = (
				381CE9141454624100B467D8 /* jquery-1.6.4.js */,
				381CE9151454624100B467D8 /* jquery-1.6.4.min.js */,
				381CE9161454624100B467D8 /* modernizr-2.0.6.min.js */,
			);
			path = libs;
			sourceTree = "<group>";
		};
		381CE9171454624100B467D8 /* mylibs */ = {
			isa = PBXGroup;
			children = (
				381CE91C1454639500B467D8 /* TTSSequencer.js */,
				381CE91E14549BDC00B467D8 /* TTSMain.js */,
				381CE91F1454CC7300B467D8 /* TTSBeat.js */,
				381CE9201454CD8100B467D8 /* TTSAudioUnit.js */,
			);
			path = mylibs;
			sourceTree = "<group>";
		};
		38F592631454615000F5B1AC = {
			isa = PBXGroup;
			children = (
				381CE8ED1454624100B467D8 /* 404.html */,
				381CE8EE1454624100B467D8 /* apple-touch-icon-57x57-precomposed.png */,
				381CE8EF1454624100B467D8 /* apple-touch-icon-72x72-precomposed.png */,
				381CE8F01454624100B467D8 /* apple-touch-icon-114x114-precomposed.png */,
				381CE8F11454624100B467D8 /* apple-touch-icon-precomposed.png */,
				381CE8F21454624100B467D8 /* apple-touch-icon.png */,
				381CE8F31454624100B467D8 /* build */,
				381CE9091454624100B467D8 /* crossdomain.xml */,
				381CE90A1454624100B467D8 /* css */,
				381CE90D1454624100B467D8 /* favicon.ico */,
				381CE90E1454624100B467D8 /* humans.txt */,
				381CE90F1454624100B467D8 /* img */,
				381CE9111454624100B467D8 /* index.html */,
				381CE9121454624100B467D8 /* js */,
				381CE91A1454624100B467D8 /* robots.txt */,
			);
			sourceTree = "<group>";
		};
/* End PBXGroup section */

/* Begin PBXProject section */
		38F592651454615000F5B1AC /* Project object */ = {
			isa = PBXProject;
			attributes = {
				LastUpgradeCheck = 0420;
				ORGANIZATIONNAME = paulobarcelos.com;
			};
			buildConfigurationList = 38F592681454615000F5B1AC /* Build configuration list for PBXProject "TTSSequencer" */;
			compatibilityVersion = "Xcode 3.2";
			developmentRegion = English;
			hasScannedForEncodings = 0;
			knownRegions = (
				en,
			);
			mainGroup = 38F592631454615000F5B1AC;
			projectDirPath = "";
			projectRoot = "";
			targets = (
			);
		};
/* End PBXProject section */

/* Begin XCBuildConfiguration section */
		38F5926A1454615100F5B1AC /* Debug */ = {
			isa = XCBuildConfiguration;
			buildSettings = {
			};
			name = Debug;
		};
		38F5926B1454615100F5B1AC /* Release */ = {
			isa = XCBuildConfiguration;
			buildSettings = {
			};
			name = Release;
		};
/* End XCBuildConfiguration section */

/* Begin XCConfigurationList section */
		38F592681454615000F5B1AC /* Build configuration list for PBXProject "TTSSequencer" */ = {
			isa = XCConfigurationList;
			buildConfigurations = (
				38F5926A1454615100F5B1AC /* Debug */,
				38F5926B1454615100F5B1AC /* Release */,
			);
			defaultConfigurationIsVisible = 0;
			defaultConfigurationName = Release;
		};
/* End XCConfigurationList section */
	};
	rootObject = 38F592651454615000F5B1AC /* Project object */;
}
